// !$*UTF8*$!
{
	archiveVersion = 1;
	classes = {
	};
	objectVersion = 56;
	objects = {

/* Begin PBXBuildFile section */
		3763AC122BCE50A3009E009A /* CarListApp.swift in Sources */ = {isa = PBXBuildFile; fileRef = 3763AC112BCE50A3009E009A /* CarListApp.swift */; };
		3763AC142BCE50A3009E009A /* ContentView.swift in Sources */ = {isa = PBXBuildFile; fileRef = 3763AC132BCE50A3009E009A /* ContentView.swift */; };
		3763AC162BCE50A4009E009A /* Assets.xcassets in Resources */ = {isa = PBXBuildFile; fileRef = 3763AC152BCE50A4009E009A /* Assets.xcassets */; };
		3763AC192BCE50A4009E009A /* Preview Assets.xcassets in Resources */ = {isa = PBXBuildFile; fileRef = 3763AC182BCE50A4009E009A /* Preview Assets.xcassets */; };
		3763AC222BCE6F39009E009A /* CarDetailView.swift in Sources */ = {isa = PBXBuildFile; fileRef = 3763AC212BCE6F39009E009A /* CarDetailView.swift */; };
		3763AC242BCE6FBD009E009A /* Data.swift in Sources */ = {isa = PBXBuildFile; fileRef = 3763AC232BCE6FBD009E009A /* Data.swift */; };
		3763AC262BCE70D1009E009A /* Car.swift in Sources */ = {isa = PBXBuildFile; fileRef = 3763AC252BCE70D1009E009A /* Car.swift */; };
		3763AC282BCE70DA009E009A /* ElectricCar.swift in Sources */ = {isa = PBXBuildFile; fileRef = 3763AC272BCE70DA009E009A /* ElectricCar.swift */; };
		3763AC2A2BCE70E9009E009A /* OilCar.swift in Sources */ = {isa = PBXBuildFile; fileRef = 3763AC292BCE70E9009E009A /* OilCar.swift */; };
		3763AC2C2BCE70F6009E009A /* HybridCar.swift in Sources */ = {isa = PBXBuildFile; fileRef = 3763AC2B2BCE70F6009E009A /* HybridCar.swift */; };
/* End PBXBuildFile section */

/* Begin PBXFileReference section */
		3763AC0E2BCE50A3009E009A /* CarList.app */ = {isa = PBXFileReference; explicitFileType = wrapper.application; includeInIndex = 0; path = CarList.app; sourceTree = BUILT_PRODUCTS_DIR; };
		3763AC112BCE50A3009E009A /* CarListApp.swift */ = {isa = PBXFileReference; lastKnownFileType = sourcecode.swift; path = CarListApp.swift; sourceTree = "<group>"; };
		3763AC132BCE50A3009E009A /* ContentView.swift */ = {isa = PBXFileReference; lastKnownFileType = sourcecode.swift; path = ContentView.swift; sourceTree = "<group>"; };
		3763AC152BCE50A4009E009A /* Assets.xcassets */ = {isa = PBXFileReference; lastKnownFileType = folder.assetcatalog; path = Assets.xcassets; sourceTree = "<group>"; };
		3763AC182BCE50A4009E009A /* Preview Assets.xcassets */ = {isa = PBXFileReference; lastKnownFileType = folder.assetcatalog; path = "Preview Assets.xcassets"; sourceTree = "<group>"; };
		3763AC212BCE6F39009E009A /* CarDetailView.swift */ = {isa = PBXFileReference; lastKnownFileType = sourcecode.swift; path = CarDetailView.swift; sourceTree = "<group>"; };
		3763AC232BCE6FBD009E009A /* Data.swift */ = {isa = PBXFileReference; lastKnownFileType = sourcecode.swift; path = Data.swift; sourceTree = "<group>"; };
		3763AC252BCE70D1009E009A /* Car.swift */ = {isa = PBXFileReference; lastKnownFileType = sourcecode.swift; path = Car.swift; sourceTree = "<group>"; };
		3763AC272BCE70DA009E009A /* ElectricCar.swift */ = {isa = PBXFileReference; lastKnownFileType = sourcecode.swift; path = ElectricCar.swift; sourceTree = "<group>"; };
		3763AC292BCE70E9009E009A /* OilCar.swift */ = {isa = PBXFileReference; lastKnownFileType = sourcecode.swift; path = OilCar.swift; sourceTree = "<group>"; };
		3763AC2B2BCE70F6009E009A /* HybridCar.swift */ = {isa = PBXFileReference; lastKnownFileType = sourcecode.swift; path = HybridCar.swift; sourceTree = "<group>"; };
/* End PBXFileReference section */

/* Begin PBXFrameworksBuildPhase section */
		3763AC0B2BCE50A3009E009A /* Frameworks */ = {
			isa = PBXFrameworksBuildPhase;
			buildActionMask = 2147483647;
			files = (
			);
			runOnlyForDeploymentPostprocessing = 0;
		};
/* End PBXFrameworksBuildPhase section */

/* Begin PBXGroup section */
		3763AC052BCE50A3009E009A = {
			isa = PBXGroup;
			children = (
				3763AC102BCE50A3009E009A /* CarList */,
				3763AC0F2BCE50A3009E009A /* Products */,
			);
			sourceTree = "<group>";
		};
		3763AC0F2BCE50A3009E009A /* Products */ = {
			isa = PBXGroup;
			children = (
				3763AC0E2BCE50A3009E009A /* CarList.app */,
			);
			name = Products;
			sourceTree = "<group>";
		};
		3763AC102BCE50A3009E009A /* CarList */ = {
			isa = PBXGroup;
			children = (
				3763AC2D2BCE7102009E009A /* Models */,
				3763AC112BCE50A3009E009A /* CarListApp.swift */,
				3763AC132BCE50A3009E009A /* ContentView.swift */,
				3763AC212BCE6F39009E009A /* CarDetailView.swift */,
				3763AC152BCE50A4009E009A /* Assets.xcassets */,
				3763AC232BCE6FBD009E009A /* Data.swift */,
				3763AC172BCE50A4009E009A /* Preview Content */,
			);
			path = CarList;
			sourceTree = "<group>";
		};
		3763AC172BCE50A4009E009A /* Preview Content */ = {
			isa = PBXGroup;
			children = (
				3763AC182BCE50A4009E009A /* Preview Assets.xcassets */,
			);
			path = "Preview Content";
			sourceTree = "<group>";
		};
		3763AC2D2BCE7102009E009A /* Models */ = {
			isa = PBXGroup;
			children = (
				3763AC252BCE70D1009E009A /* Car.swift */,
				3763AC272BCE70DA009E009A /* ElectricCar.swift */,
				3763AC292BCE70E9009E009A /* OilCar.swift */,
				3763AC2B2BCE70F6009E009A /* HybridCar.swift */,
			);
			path = Models;
			sourceTree = "<group>";
		};
/* End PBXGroup section */

/* Begin PBXNativeTarget section */
		3763AC0D2BCE50A3009E009A /* CarList */ = {
			isa = PBXNativeTarget;
			buildConfigurationList = 3763AC1C2BCE50A4009E009A /* Build configuration list for PBXNativeTarget "CarList" */;
			buildPhases = (
				3763AC0A2BCE50A3009E009A /* Sources */,
				3763AC0B2BCE50A3009E009A /* Frameworks */,
				3763AC0C2BCE50A3009E009A /* Resources */,
			);
			buildRules = (
			);
			dependencies = (
			);
			name = CarList;
			productName = CarList;
			productReference = 3763AC0E2BCE50A3009E009A /* CarList.app */;
			productType = "com.apple.product-type.application";
		};
/* End PBXNativeTarget section */

/* Begin PBXProject section */
		3763AC062BCE50A3009E009A /* Project object */ = {
			isa = PBXProject;
			attributes = {
				BuildIndependentTargetsInParallel = 1;
				LastSwiftUpdateCheck = 1530;
				LastUpgradeCheck = 1530;
				TargetAttributes = {
					3763AC0D2BCE50A3009E009A = {
						CreatedOnToolsVersion = 15.3;
					};
				};
			};
			buildConfigurationList = 3763AC092BCE50A3009E009A /* Build configuration list for PBXProject "CarList" */;
			compatibilityVersion = "Xcode 14.0";
			developmentRegion = en;
			hasScannedForEncodings = 0;
			knownRegions = (
				en,
				Base,
			);
			mainGroup = 3763AC052BCE50A3009E009A;
			productRefGroup = 3763AC0F2BCE50A3009E009A /* Products */;
			projectDirPath = "";
			projectRoot = "";
			targets = (
				3763AC0D2BCE50A3009E009A /* CarList */,
			);
		};
/* End PBXProject section */

/* Begin PBXResourcesBuildPhase section */
		3763AC0C2BCE50A3009E009A /* Resources */ = {
			isa = PBXResourcesBuildPhase;
			buildActionMask = 2147483647;
			files = (
				3763AC192BCE50A4009E009A /* Preview Assets.xcassets in Resources */,
				3763AC162BCE50A4009E009A /* Assets.xcassets in Resources */,
			);
			runOnlyForDeploymentPostprocessing = 0;
		};
/* End PBXResourcesBuildPhase section */

/* Begin PBXSourcesBuildPhase section */
		3763AC0A2BCE50A3009E009A /* Sources */ = {
			isa = PBXSourcesBuildPhase;
			buildActionMask = 2147483647;
			files = (
				3763AC2A2BCE70E9009E009A /* OilCar.swift in Sources */,
				3763AC282BCE70DA009E009A /* ElectricCar.swift in Sources */,
				3763AC242BCE6FBD009E009A /* Data.swift in Sources */,
				3763AC262BCE70D1009E009A /* Car.swift in Sources */,
				3763AC2C2BCE70F6009E009A /* HybridCar.swift in Sources */,
				3763AC142BCE50A3009E009A /* ContentView.swift in Sources */,
				3763AC222BCE6F39009E009A /* CarDetailView.swift in Sources */,
				3763AC122BCE50A3009E009A /* CarListApp.swift in Sources */,
			);
			runOnlyForDeploymentPostprocessing = 0;
		};
/* End PBXSourcesBuildPhase section */

/* Begin XCBuildConfiguration section */
		3763AC1A2BCE50A4009E009A /* Debug */ = {
			isa = XCBuildConfiguration;
			buildSettings = {
				ALWAYS_SEARCH_USER_PATHS = NO;
				ASSETCATALOG_COMPILER_GENERATE_SWIFT_ASSET_SYMBOL_EXTENSIONS = YES;
				CLANG_ANALYZER_NONNULL = YES;
				CLANG_ANALYZER_NUMBER_OBJECT_CONVERSION = YES_AGGRESSIVE;
				CLANG_CXX_LANGUAGE_STANDARD = "gnu++20";
				CLANG_ENABLE_MODULES = YES;
				CLANG_ENABLE_OBJC_ARC = YES;
				CLANG_ENABLE_OBJC_WEAK = YES;
				CLANG_WARN_BLOCK_CAPTURE_AUTORELEASING = YES;
				CLANG_WARN_BOOL_CONVERSION = YES;
				CLANG_WARN_COMMA = YES;
				CLANG_WARN_CONSTANT_CONVERSION = YES;
				CLANG_WARN_DEPRECATED_OBJC_IMPLEMENTATIONS = YES;
				CLANG_WARN_DIRECT_OBJC_ISA_USAGE = YES_ERROR;
				CLANG_WARN_DOCUMENTATION_COMMENTS = YES;
				CLANG_WARN_EMPTY_BODY = YES;
				CLANG_WARN_ENUM_CONVERSION = YES;
				CLANG_WARN_INFINITE_RECURSION = YES;
				CLANG_WARN_INT_CONVERSION = YES;
				CLANG_WARN_NON_LITERAL_NULL_CONVERSION = YES;
				CLANG_WARN_OBJC_IMPLICIT_RETAIN_SELF = YES;
				CLANG_WARN_OBJC_LITERAL_CONVERSION = YES;
				CLANG_WARN_OBJC_ROOT_CLASS = YES_ERROR;
				CLANG_WARN_QUOTED_INCLUDE_IN_FRAMEWORK_HEADER = YES;
				CLANG_WARN_RANGE_LOOP_ANALYSIS = YES;
				CLANG_WARN_STRICT_PROTOTYPES = YES;
				CLANG_WARN_SUSPICIOUS_MOVE = YES;
				CLANG_WARN_UNGUARDED_AVAILABILITY = YES_AGGRESSIVE;
				CLANG_WARN_UNREACHABLE_CODE = YES;
				CLANG_WARN__DUPLICATE_METHOD_MATCH = YES;
				COPY_PHASE_STRIP = NO;
				DEBUG_INFORMATION_FORMAT = dwarf;
				ENABLE_STRICT_OBJC_MSGSEND = YES;
				ENABLE_TESTABILITY = YES;
				ENABLE_USER_SCRIPT_SANDBOXING = YES;
				GCC_C_LANGUAGE_STANDARD = gnu17;
				GCC_DYNAMIC_NO_PIC = NO;
				GCC_NO_COMMON_BLOCKS = YES;
				GCC_OPTIMIZATION_LEVEL = 0;
				GCC_PREPROCESSOR_DEFINITIONS = (
					"DEBUG=1",
					"$(inherited)",
				);
				GCC_WARN_64_TO_32_BIT_CONVERSION = YES;
				GCC_WARN_ABOUT_RETURN_TYPE = YES_ERROR;
				GCC_WARN_UNDECLARED_SELECTOR = YES;
				GCC_WARN_UNINITIALIZED_AUTOS = YES_AGGRESSIVE;
				GCC_WARN_UNUSED_FUNCTION = YES;
				GCC_WARN_UNUSED_VARIABLE = YES;
				IPHONEOS_DEPLOYMENT_TARGET = 17.4;
				LOCALIZATION_PREFERS_STRING_CATALOGS = YES;
				MTL_ENABLE_DEBUG_INFO = INCLUDE_SOURCE;
				MTL_FAST_MATH = YES;
				ONLY_ACTIVE_ARCH = YES;
				SDKROOT = iphoneos;
				SWIFT_ACTIVE_COMPILATION_CONDITIONS = "DEBUG $(inherited)";
				SWIFT_OPTIMIZATION_LEVEL = "-Onone";
			};
			name = Debug;
		};
		3763AC1B2BCE50A4009E009A /* Release */ = {
			isa = XCBuildConfiguration;
			buildSettings = {
				ALWAYS_SEARCH_USER_PATHS = NO;
				ASSETCATALOG_COMPILER_GENERATE_SWIFT_ASSET_SYMBOL_EXTENSIONS = YES;
				CLANG_ANALYZER_NONNULL = YES;
				CLANG_ANALYZER_NUMBER_OBJECT_CONVERSION = YES_AGGRESSIVE;
				CLANG_CXX_LANGUAGE_STANDARD = "gnu++20";
				CLANG_ENABLE_MODULES = YES;
				CLANG_ENABLE_OBJC_ARC = YES;
				CLANG_ENABLE_OBJC_WEAK = YES;
				CLANG_WARN_BLOCK_CAPTURE_AUTORELEASING = YES;
				CLANG_WARN_BOOL_CONVERSION = YES;
				CLANG_WARN_COMMA = YES;
				CLANG_WARN_CONSTANT_CONVERSION = YES;
				CLANG_WARN_DEPRECATED_OBJC_IMPLEMENTATIONS = YES;
				CLANG_WARN_DIRECT_OBJC_ISA_USAGE = YES_ERROR;
				CLANG_WARN_DOCUMENTATION_COMMENTS = YES;
				CLANG_WARN_EMPTY_BODY = YES;
				CLANG_WARN_ENUM_CONVERSION = YES;
				CLANG_WARN_INFINITE_RECURSION = YES;
				CLANG_WARN_INT_CONVERSION = YES;
				CLANG_WARN_NON_LITERAL_NULL_CONVERSION = YES;
				CLANG_WARN_OBJC_IMPLICIT_RETAIN_SELF = YES;
				CLANG_WARN_OBJC_LITERAL_CONVERSION = YES;
				CLANG_WARN_OBJC_ROOT_CLASS = YES_ERROR;
				CLANG_WARN_QUOTED_INCLUDE_IN_FRAMEWORK_HEADER = YES;
				CLANG_WARN_RANGE_LOOP_ANALYSIS = YES;
				CLANG_WARN_STRICT_PROTOTYPES = YES;
				CLANG_WARN_SUSPICIOUS_MOVE = YES;
				CLANG_WARN_UNGUARDED_AVAILABILITY = YES_AGGRESSIVE;
				CLANG_WARN_UNREACHABLE_CODE = YES;
				CLANG_WARN__DUPLICATE_METHOD_MATCH = YES;
				COPY_PHASE_STRIP = NO;
				DEBUG_INFORMATION_FORMAT = "dwarf-with-dsym";
				ENABLE_NS_ASSERTIONS = NO;
				ENABLE_STRICT_OBJC_MSGSEND = YES;
				ENABLE_USER_SCRIPT_SANDBOXING = YES;
				GCC_C_LANGUAGE_STANDARD = gnu17;
				GCC_NO_COMMON_BLOCKS = YES;
				GCC_WARN_64_TO_32_BIT_CONVERSION = YES;
				GCC_WARN_ABOUT_RETURN_TYPE = YES_ERROR;
				GCC_WARN_UNDECLARED_SELECTOR = YES;
				GCC_WARN_UNINITIALIZED_AUTOS = YES_AGGRESSIVE;
				GCC_WARN_UNUSED_FUNCTION = YES;
				GCC_WARN_UNUSED_VARIABLE = YES;
				IPHONEOS_DEPLOYMENT_TARGET = 17.4;
				LOCALIZATION_PREFERS_STRING_CATALOGS = YES;
				MTL_ENABLE_DEBUG_INFO = NO;
				MTL_FAST_MATH = YES;
				SDKROOT = iphoneos;
				SWIFT_COMPILATION_MODE = wholemodule;
				VALIDATE_PRODUCT = YES;
			};
			name = Release;
		};
		3763AC1D2BCE50A4009E009A /* Debug */ = {
			isa = XCBuildConfiguration;
			buildSettings = {
				ASSETCATALOG_COMPILER_APPICON_NAME = AppIcon;
				ASSETCATALOG_COMPILER_GLOBAL_ACCENT_COLOR_NAME = AccentColor;
				CODE_SIGN_STYLE = Automatic;
				CURRENT_PROJECT_VERSION = 1;
				DEVELOPMENT_ASSET_PATHS = "\"CarList/Preview Content\"";
				ENABLE_PREVIEWS = YES;
				GENERATE_INFOPLIST_FILE = YES;
				INFOPLIST_KEY_UIApplicationSceneManifest_Generation = YES;
				INFOPLIST_KEY_UIApplicationSupportsIndirectInputEvents = YES;
				INFOPLIST_KEY_UILaunchScreen_Generation = YES;
				INFOPLIST_KEY_UISupportedInterfaceOrientations_iPad = "UIInterfaceOrientationPortrait UIInterfaceOrientationPortraitUpsideDown UIInterfaceOrientationLandscapeLeft UIInterfaceOrientationLandscapeRight";
				INFOPLIST_KEY_UISupportedInterfaceOrientations_iPhone = "UIInterfaceOrientationPortrait UIInterfaceOrientationLandscapeLeft UIInterfaceOrientationLandscapeRight";
				LD_RUNPATH_SEARCH_PATHS = (
					"$(inherited)",
					"@executable_path/Frameworks",
				);
				MARKETING_VERSION = 1.0;
				PRODUCT_BUNDLE_IDENTIFIER = kr.co.codegrove.CarList;
				PRODUCT_NAME = "$(TARGET_NAME)";
				SWIFT_EMIT_LOC_STRINGS = YES;
				SWIFT_VERSION = 5.0;
				TARGETED_DEVICE_FAMILY = "1,2";
			};
			name = Debug;
		};
		3763AC1E2BCE50A4009E009A /* Release */ = {
			isa = XCBuildConfiguration;
			buildSettings = {
				ASSETCATALOG_COMPILER_APPICON_NAME = AppIcon;
				ASSETCATALOG_COMPILER_GLOBAL_ACCENT_COLOR_NAME = AccentColor;
				CODE_SIGN_STYLE = Automatic;
				CURRENT_PROJECT_VERSION = 1;
				DEVELOPMENT_ASSET_PATHS = "\"CarList/Preview Content\"";
				ENABLE_PREVIEWS = YES;
				GENERATE_INFOPLIST_FILE = YES;
				INFOPLIST_KEY_UIApplicationSceneManifest_Generation = YES;
				INFOPLIST_KEY_UIApplicationSupportsIndirectInputEvents = YES;
				INFOPLIST_KEY_UILaunchScreen_Generation = YES;
				INFOPLIST_KEY_UISupportedInterfaceOrientations_iPad = "UIInterfaceOrientationPortrait UIInterfaceOrientationPortraitUpsideDown UIInterfaceOrientationLandscapeLeft UIInterfaceOrientationLandscapeRight";
				INFOPLIST_KEY_UISupportedInterfaceOrientations_iPhone = "UIInterfaceOrientationPortrait UIInterfaceOrientationLandscapeLeft UIInterfaceOrientationLandscapeRight";
				LD_RUNPATH_SEARCH_PATHS = (
					"$(inherited)",
					"@executable_path/Frameworks",
				);
				MARKETING_VERSION = 1.0;
				PRODUCT_BUNDLE_IDENTIFIER = kr.co.codegrove.CarList;
				PRODUCT_NAME = "$(TARGET_NAME)";
				SWIFT_EMIT_LOC_STRINGS = YES;
				SWIFT_VERSION = 5.0;
				TARGETED_DEVICE_FAMILY = "1,2";
			};
			name = Release;
		};
/* End XCBuildConfiguration section */

/* Begin XCConfigurationList section */
		3763AC092BCE50A3009E009A /* Build configuration list for PBXProject "CarList" */ = {
			isa = XCConfigurationList;
			buildConfigurations = (
				3763AC1A2BCE50A4009E009A /* Debug */,
				3763AC1B2BCE50A4009E009A /* Release */,
			);
			defaultConfigurationIsVisible = 0;
			defaultConfigurationName = Release;
		};
		3763AC1C2BCE50A4009E009A /* Build configuration list for PBXNativeTarget "CarList" */ = {
			isa = XCConfigurationList;
			buildConfigurations = (
				3763AC1D2BCE50A4009E009A /* Debug */,
				3763AC1E2BCE50A4009E009A /* Release */,
			);
			defaultConfigurationIsVisible = 0;
			defaultConfigurationName = Release;
		};
/* End XCConfigurationList section */
	};
	rootObject = 3763AC062BCE50A3009E009A /* Project object */;
}
